
Microsoft Visual Studio Solution File, Format Version 12.00
# Visual Studio Version 16
VisualStudioVersion = 16.0.29411.108
MinimumVisualStudioVersion = 10.0.40219.1
Project("{FAE04EC0-301F-11D3-BF4B-00C04F79EFBC}") = "Loki2D", "Loki2D\Loki2D.csproj", "{B9303467-74B9-4304-B3CE-C7C0149EF90C}"
EndProject
Project("{FAE04EC0-301F-11D3-BF4B-00C04F79EFBC}") = "LokiEditor", "LokiEditor\LokiEditor.csproj", "{71D7E037-B4C2-4236-9CE6-50BDDBDF8149}"
EndProject
Project("{FAE04EC0-301F-11D3-BF4B-00C04F79EFBC}") = "LokiEditorAvalon", "LokiEditorAvalon\LokiEditorAvalon.csproj", "{4F7C2ABC-993F-4D03-A94A-85DF34A0D01F}"
EndProject
Global
	GlobalSection(SolutionConfigurationPlatforms) = preSolution
		Debug|Any CPU = Debug|Any CPU
		Debug|x86 = Debug|x86
		Release|Any CPU = Release|Any CPU
		Release|x86 = Release|x86
	EndGlobalSection
	GlobalSection(ProjectConfigurationPlatforms) = postSolution
		{B9303467-74B9-4304-B3CE-C7C0149EF90C}.Debug|Any CPU.ActiveCfg = Debug|x86
		{B9303467-74B9-4304-B3CE-C7C0149EF90C}.Debug|x86.ActiveCfg = Debug|x86
		{B9303467-74B9-4304-B3CE-C7C0149EF90C}.Debug|x86.Build.0 = Debug|x86
		{B9303467-74B9-4304-B3CE-C7C0149EF90C}.Release|Any CPU.ActiveCfg = Release|x86
		{B9303467-74B9-4304-B3CE-C7C0149EF90C}.Release|x86.ActiveCfg = Release|x86
		{B9303467-74B9-4304-B3CE-C7C0149EF90C}.Release|x86.Build.0 = Release|x86
		{71D7E037-B4C2-4236-9CE6-50BDDBDF8149}.Debug|Any CPU.ActiveCfg = Debug|Any CPU
		{71D7E037-B4C2-4236-9CE6-50BDDBDF8149}.Debug|Any CPU.Build.0 = Debug|Any CPU
		{71D7E037-B4C2-4236-9CE6-50BDDBDF8149}.Debug|x86.ActiveCfg = Debug|Any CPU
		{71D7E037-B4C2-4236-9CE6-50BDDBDF8149}.Debug|x86.Build.0 = Debug|Any CPU
		{71D7E037-B4C2-4236-9CE6-50BDDBDF8149}.Release|Any CPU.ActiveCfg = Release|Any CPU
		{71D7E037-B4C2-4236-9CE6-50BDDBDF8149}.Release|Any CPU.Build.0 = Release|Any CPU
		{71D7E037-B4C2-4236-9CE6-50BDDBDF8149}.Release|x86.ActiveCfg = Release|Any CPU
		{71D7E037-B4C2-4236-9CE6-50BDDBDF8149}.Release|x86.Build.0 = Release|Any CPU
		{4F7C2ABC-993F-4D03-A94A-85DF34A0D01F}.Debug|Any CPU.ActiveCfg = Debug|Any CPU
		{4F7C2ABC-993F-4D03-A94A-85DF34A0D01F}.Debug|Any CPU.Build.0 = Debug|Any CPU
		{4F7C2ABC-993F-4D03-A94A-85DF34A0D01F}.Debug|x86.ActiveCfg = Debug|Any CPU
		{4F7C2ABC-993F-4D03-A94A-85DF34A0D01F}.Debug|x86.Build.0 = Debug|Any CPU
		{4F7C2ABC-993F-4D03-A94A-85DF34A0D01F}.Release|Any CPU.ActiveCfg = Release|Any CPU
		{4F7C2ABC-993F-4D03-A94A-85DF34A0D01F}.Release|Any CPU.Build.0 = Release|Any CPU
		{4F7C2ABC-993F-4D03-A94A-85DF34A0D01F}.Release|x86.ActiveCfg = Release|Any CPU
		{4F7C2ABC-993F-4D03-A94A-85DF34A0D01F}.Release|x86.Build.0 = Release|Any CPU
	EndGlobalSection
	GlobalSection(SolutionProperties) = preSolution
		HideSolutionNode = FALSE
	EndGlobalSection
	GlobalSection(ExtensibilityGlobals) = postSolution
		SolutionGuid = {8E74E00C-3035-4710-BEA4-0CEBD9B81AA3}
	EndGlobalSection
EndGlobal
